schema: '2.0'
stages:
  ingest:
    cmd: PYTHONPATH=src python -m dataset_quality.ingestion 
      data/raw/coco-dataset.json --output data/interim/coco.json
    deps:
    - path: data/raw/coco-dataset.json
      hash: md5
      md5: 0ac4ecdbbd5a9b3144624ec86009b9e7
      size: 345858
      isexec: true
    - path: src/dataset_quality/analyzers/m3.py
      hash: md5
      md5: 9de6ef558424c0424e5e5cc48b1a42bb
      size: 5363
      isexec: true
    - path: src/dataset_quality/ingestion/__main__.py
      hash: md5
      md5: b08bc8b691430f08ca57f1ab1dd2ee78
      size: 1470
      isexec: true
    - path: src/dataset_quality/ingestion/models.py
      hash: md5
      md5: 60241594e79f7d530b26a0bd02e05bda
      size: 3513
      isexec: true
    outs:
    - path: data/interim/coco.json
      hash: md5
      md5: 9f9372956e21b889f5af1a8a3bf81c54
      size: 345922
  validate:
    cmd: PYTHONPATH=src python -m dataset_quality.analyzers.m3 
      data/interim/coco.json --category person --category car > 
      data/interim/m3_baseline.json
    deps:
    - path: data/interim/coco.json
      hash: md5
      md5: 9f9372956e21b889f5af1a8a3bf81c54
      size: 345922
    - path: src/dataset_quality/analyzers/m3.py
      hash: md5
      md5: 9de6ef558424c0424e5e5cc48b1a42bb
      size: 5363
      isexec: true
    - path: src/dataset_quality/ingestion/models.py
      hash: md5
      md5: 60241594e79f7d530b26a0bd02e05bda
      size: 3513
      isexec: true
    params:
      params.yaml:
        m3.target_categories:
        - person
        - car
    outs:
    - path: data/interim/m3_baseline.json
      hash: md5
      md5: 62f4c29c51f77f10b7e6233107689535
      size: 513
  analyze:
    cmd: PYTHONPATH=src python -m dataset_quality.analyzers 
      data/interim/coco.json --m3-baseline data/interim/m3_baseline.json 
      --small-object-max-width 32 --small-object-max-height 32 
      --class-imbalance-min-images 300 --spatial-grid-size 3 --output 
      data/interim/observations.json --duplicate-pairs-output 
      data/interim/duplicate_pairs.json
    deps:
    - path: data/interim/coco.json
      hash: md5
      md5: 9f9372956e21b889f5af1a8a3bf81c54
      size: 345922
    - path: data/interim/m3_baseline.json
      hash: md5
      md5: 62f4c29c51f77f10b7e6233107689535
      size: 513
    - path: src/dataset_quality/analyzers/__main__.py
      hash: md5
      md5: 7aeb3affc08ea79b5e5713ef1a614b1c
      size: 6870
      isexec: true
    - path: src/dataset_quality/analyzers/dq04.py
      hash: md5
      md5: b914a6ba2dd57fbe98c14ee840201c1a
      size: 7242
      isexec: true
    - path: src/dataset_quality/analyzers/dq05.py
      hash: md5
      md5: 176b16eaf084efa717d151667483d8e5
      size: 6508
      isexec: true
    - path: src/dataset_quality/analyzers/dq06.py
      hash: md5
      md5: 8f4c5a30d2a1010f3ba34dbd4f6c545a
      size: 3951
      isexec: true
    - path: src/dataset_quality/analyzers/m3.py
      hash: md5
      md5: 9de6ef558424c0424e5e5cc48b1a42bb
      size: 5363
      isexec: true
    - path: src/dataset_quality/config/clients.py
      hash: md5
      md5: 8b6b148e29ee4485509f236d2933b16a
      size: 888
      isexec: true
    - path: src/dataset_quality/config/settings.py
      hash: md5
      md5: f2cf53c1ba747119441327da7e6e738d
      size: 2510
      isexec: true
    - path: src/dataset_quality/ingestion/models.py
      hash: md5
      md5: 60241594e79f7d530b26a0bd02e05bda
      size: 3513
      isexec: true
    - path: src/dataset_quality/storage/object_store.py
      hash: md5
      md5: 45a27430d6a76b6482fce57456f20579
      size: 1054
      isexec: true
    params:
      params.yaml:
        analyze.class_imbalance_min_images: 300
        analyze.small_object_max_height: 32
        analyze.small_object_max_width: 32
        analyze.spatial_grid_size: 3
    outs:
    - path: data/interim/duplicate_pairs.json
      hash: md5
      md5: 4c61c7b84882e0b37b0fa8cf247220b8
      size: 24
    - path: data/interim/observations.json
      hash: md5
      md5: c07d7ac25d7eae3cb8a1f505e2f9c07c
      size: 190
  quality_gate:
    cmd: PYTHONPATH=src python -m dataset_quality.quality_gate.runner --policy 
      quality.yaml --observations data/interim/observations.json 
      --dataset-version v1.0.0 --report data/interim/quality.json
    deps:
    - path: data/interim/observations.json
      hash: md5
      md5: c07d7ac25d7eae3cb8a1f505e2f9c07c
      size: 190
    - path: quality.yaml
      hash: md5
      md5: c8a0f164c8221d31e555e83c73ccecd2
      size: 771
      isexec: true
    - path: src/dataset_quality/ingestion/models.py
      hash: md5
      md5: 60241594e79f7d530b26a0bd02e05bda
      size: 3513
      isexec: true
    - path: src/dataset_quality/quality_gate/models.py
      hash: md5
      md5: afc8dccd0f32b11007447da44323a37e
      size: 3401
      isexec: true
    - path: src/dataset_quality/quality_gate/policy.py
      hash: md5
      md5: 1094c3c1966176f133fa42c3be532e76
      size: 3064
      isexec: true
    - path: src/dataset_quality/quality_gate/runner.py
      hash: md5
      md5: 664b900a54326423af7c978db0286fa3
      size: 3706
      isexec: true
    params:
      params.yaml:
        dataset_version: v1.0.0
    outs:
    - path: data/interim/quality.json
      hash: md5
      md5: c0fa142c8c7f3e12f96ae9ee6c8aa2a8
      size: 1787
  split:
    cmd: PYTHONPATH=src python -m dataset_quality.splits data/interim/coco.json 
      --quality-report data/interim/quality.json --duplicate-pairs 
      data/interim/duplicate_pairs.json --dataset-version v1.0.0 --train 0.7 
      --val 0.15 --test 0.15 --seed 42 --report-output data/interim/splits.json 
      --assignment-output data/interim/split_assignment.json
    deps:
    - path: data/interim/coco.json
      hash: md5
      md5: 9f9372956e21b889f5af1a8a3bf81c54
      size: 345922
    - path: data/interim/duplicate_pairs.json
      hash: md5
      md5: 4c61c7b84882e0b37b0fa8cf247220b8
      size: 24
    - path: data/interim/quality.json
      hash: md5
      md5: c0fa142c8c7f3e12f96ae9ee6c8aa2a8
      size: 1787
    - path: src/dataset_quality/analyzers/m3.py
      hash: md5
      md5: 9de6ef558424c0424e5e5cc48b1a42bb
      size: 5363
      isexec: true
    - path: src/dataset_quality/config/models.py
      hash: md5
      md5: 20db59f3f9109759ed746cc1b9b1cc61
      size: 1175
      isexec: true
    - path: src/dataset_quality/ingestion/models.py
      hash: md5
      md5: 60241594e79f7d530b26a0bd02e05bda
      size: 3513
      isexec: true
    - path: src/dataset_quality/quality_gate/models.py
      hash: md5
      md5: afc8dccd0f32b11007447da44323a37e
      size: 3401
      isexec: true
    - path: src/dataset_quality/splits/__main__.py
      hash: md5
      md5: 6ee64d6eeac2003b66cccf585a1f6412
      size: 2825
      isexec: true
    - path: src/dataset_quality/splits/generator.py
      hash: md5
      md5: 41c5087e570cfa86bcad90c15cb891bb
      size: 18312
      isexec: true
    - path: src/dataset_quality/splits/models.py
      hash: md5
      md5: 607de0235533e9341594c0f950cb2783
      size: 2357
      isexec: true
    params:
      params.yaml:
        dataset_version: v1.0.0
        split.seed: 42
        split.test: 0.15
        split.train: 0.7
        split.val: 0.15
    outs:
    - path: data/interim/split_assignment.json
      hash: md5
      md5: 125f48a73e6d3159f70b12a6414108b7
      size: 2745
    - path: data/interim/splits.json
      hash: md5
      md5: 6506f23bff4e67940271e0ef97f5e1e6
      size: 776
  release:
    cmd: PYTHONPATH=src python -m dataset_quality.versioning --coco 
      data/interim/coco.json --quality-report data/interim/quality.json 
      --m3-baseline data/interim/m3_baseline.json --observations 
      data/interim/observations.json --policy quality.yaml --dataset-version 
      v1.0.0 --history data/version_history.json --output 
      data/interim/versions.json
    deps:
    - path: data/interim/coco.json
      hash: md5
      md5: 9f9372956e21b889f5af1a8a3bf81c54
      size: 345922
    - path: data/interim/m3_baseline.json
      hash: md5
      md5: 62f4c29c51f77f10b7e6233107689535
      size: 513
    - path: data/interim/observations.json
      hash: md5
      md5: c07d7ac25d7eae3cb8a1f505e2f9c07c
      size: 190
    - path: data/interim/quality.json
      hash: md5
      md5: c0fa142c8c7f3e12f96ae9ee6c8aa2a8
      size: 1787
    - path: data/interim/splits.json
      hash: md5
      md5: 6506f23bff4e67940271e0ef97f5e1e6
      size: 776
    - path: quality.yaml
      hash: md5
      md5: c8a0f164c8221d31e555e83c73ccecd2
      size: 771
      isexec: true
    - path: src/dataset_quality/analyzers/m3.py
      hash: md5
      md5: 9de6ef558424c0424e5e5cc48b1a42bb
      size: 5363
      isexec: true
    - path: src/dataset_quality/copilot/contracts.py
      hash: md5
      md5: 04f3ffd3b8f5ff7fbd98f87bdc4471d0
      size: 3384
      isexec: true
    - path: src/dataset_quality/ingestion/models.py
      hash: md5
      md5: 60241594e79f7d530b26a0bd02e05bda
      size: 3513
      isexec: true
    - path: src/dataset_quality/quality_gate/models.py
      hash: md5
      md5: afc8dccd0f32b11007447da44323a37e
      size: 3401
      isexec: true
    - path: src/dataset_quality/quality_gate/policy.py
      hash: md5
      md5: 1094c3c1966176f133fa42c3be532e76
      size: 3064
      isexec: true
    - path: src/dataset_quality/versioning/__main__.py
      hash: md5
      md5: 62148bc414a33236247adb35caf8fc6f
      size: 7608
      isexec: true
    - path: src/dataset_quality/versioning/models.py
      hash: md5
      md5: 39cdc255d1f42dcc1886a94348780c36
      size: 1703
      isexec: true
    params:
      params.yaml:
        dataset_version: v1.0.0
    outs:
    - path: data/interim/versions.json
      hash: md5
      md5: 6489a0f0628f5acfcc9a6f5a135b13ea
      size: 593
